
Microsoft Visual Studio Solution File, Format Version 12.00
# Visual Studio 15
VisualStudioVersion = 15.0.27004.2008
MinimumVisualStudioVersion = 10.0.40219.1
Project("{FAE04EC0-301F-11D3-BF4B-00C04F79EFBC}") = "LostAndFound", "ConsoleApp4\LostAndFound.csproj", "{E3832A4D-27B3-404B-9107-7515E9C8C577}"
EndProject
Project("{FAE04EC0-301F-11D3-BF4B-00C04F79EFBC}") = "Presentation", "Presentation\Presentation.csproj", "{B0C27918-78E0-474A-83C4-5DD90FB6E33C}"
EndProject
Global
	GlobalSection(SolutionConfigurationPlatforms) = preSolution
		Debug|Any CPU = Debug|Any CPU
		Release|Any CPU = Release|Any CPU
	EndGlobalSection
	GlobalSection(ProjectConfigurationPlatforms) = postSolution
		{E3832A4D-27B3-404B-9107-7515E9C8C577}.Debug|Any CPU.ActiveCfg = Debug|Any CPU
		{E3832A4D-27B3-404B-9107-7515E9C8C577}.Debug|Any CPU.Build.0 = Debug|Any CPU
		{E3832A4D-27B3-404B-9107-7515E9C8C577}.Release|Any CPU.ActiveCfg = Release|Any CPU
		{E3832A4D-27B3-404B-9107-7515E9C8C577}.Release|Any CPU.Build.0 = Release|Any CPU
		{B0C27918-78E0-474A-83C4-5DD90FB6E33C}.Debug|Any CPU.ActiveCfg = Debug|Any CPU
		{B0C27918-78E0-474A-83C4-5DD90FB6E33C}.Debug|Any CPU.Build.0 = Debug|Any CPU
		{B0C27918-78E0-474A-83C4-5DD90FB6E33C}.Release|Any CPU.ActiveCfg = Release|Any CPU
		{B0C27918-78E0-474A-83C4-5DD90FB6E33C}.Release|Any CPU.Build.0 = Release|Any CPU
	EndGlobalSection
	GlobalSection(SolutionProperties) = preSolution
		HideSolutionNode = FALSE
	EndGlobalSection
	GlobalSection(ExtensibilityGlobals) = postSolution
		SolutionGuid = {B2FE3A08-FAB4-4069-A277-769360D90B03}
	EndGlobalSection
EndGlobal
